
Microsoft Visual Studio Solution File, Format Version 12.00
# Visual Studio Version 16
VisualStudioVersion = 16.0.29102.190
MinimumVisualStudioVersion = 10.0.40219.1
Project("{FAE04EC0-301F-11D3-BF4B-00C04F79EFBC}") = "Test 1", "Test 1.csproj", "{431080AF-4352-4AFB-9D34-50B6D7D98471}"
EndProject
Project("{54435603-DBB4-11D2-8724-00A0C9A8B90C}") = "socrate setup", "..\socrate setup\socrate setup.vdproj", "{46B87849-69FE-424B-B165-B5AE7F7089A8}"
EndProject
Global
	GlobalSection(SolutionConfigurationPlatforms) = preSolution
		Debug|Any CPU = Debug|Any CPU
		Release|Any CPU = Release|Any CPU
	EndGlobalSection
	GlobalSection(ProjectConfigurationPlatforms) = postSolution
		{431080AF-4352-4AFB-9D34-50B6D7D98471}.Debug|Any CPU.ActiveCfg = Debug|Any CPU
		{431080AF-4352-4AFB-9D34-50B6D7D98471}.Debug|Any CPU.Build.0 = Debug|Any CPU
		{431080AF-4352-4AFB-9D34-50B6D7D98471}.Release|Any CPU.ActiveCfg = Release|Any CPU
		{431080AF-4352-4AFB-9D34-50B6D7D98471}.Release|Any CPU.Build.0 = Release|Any CPU
		{46B87849-69FE-424B-B165-B5AE7F7089A8}.Debug|Any CPU.ActiveCfg = Debug
		{46B87849-69FE-424B-B165-B5AE7F7089A8}.Release|Any CPU.ActiveCfg = Release
	EndGlobalSection
	GlobalSection(SolutionProperties) = preSolution
		HideSolutionNode = FALSE
	EndGlobalSection
	GlobalSection(ExtensibilityGlobals) = postSolution
		SolutionGuid = {1A48F9FB-70E5-406A-9BE4-5689105380B5}
	EndGlobalSection
EndGlobal
